// !$*UTF8*$!
{
	archiveVersion = 1;
	classes = {
	};
	objectVersion = 46;
	objects = {

/* Begin PBXBuildFile section */
		1360F32C1DE35B7900011D78 /* SampleFramework.h in Headers */ = {isa = PBXBuildFile; fileRef = 1360F32A1DE35B7900011D78 /* SampleFramework.h */; settings = {ATTRIBUTES = (Public, ); }; };
		1360F3341DE35BBF00011D78 /* Sample.h in Headers */ = {isa = PBXBuildFile; fileRef = 1360F3321DE35BBF00011D78 /* Sample.h */; settings = {ATTRIBUTES = (Public, ); }; };
		1360F3351DE35BBF00011D78 /* Sample.m in Sources */ = {isa = PBXBuildFile; fileRef = 1360F3331DE35BBF00011D78 /* Sample.m */; };
		AC763B658CC604F22C71B51A /* Pods_SampleFramework.framework in Frameworks */ = {isa = PBXBuildFile; fileRef = 2B1D14A1368AB0913778CC0A /* Pods_SampleFramework.framework */; };
/* End PBXBuildFile section */

/* Begin PBXFileReference section */
		1360F3271DE35B7900011D78 /* SampleFramework.framework */ = {isa = PBXFileReference; explicitFileType = wrapper.framework; includeInIndex = 0; path = SampleFramework.framework; sourceTree = BUILT_PRODUCTS_DIR; };
		1360F32A1DE35B7900011D78 /* SampleFramework.h */ = {isa = PBXFileReference; lastKnownFileType = sourcecode.c.h; path = SampleFramework.h; sourceTree = "<group>"; };
		1360F32B1DE35B7900011D78 /* Info.plist */ = {isa = PBXFileReference; lastKnownFileType = text.plist.xml; path = Info.plist; sourceTree = "<group>"; };
		1360F3321DE35BBF00011D78 /* Sample.h */ = {isa = PBXFileReference; fileEncoding = 4; lastKnownFileType = sourcecode.c.h; path = Sample.h; sourceTree = "<group>"; };
		1360F3331DE35BBF00011D78 /* Sample.m */ = {isa = PBXFileReference; fileEncoding = 4; lastKnownFileType = sourcecode.c.objc; path = Sample.m; sourceTree = "<group>"; };
		1360F3581DE4967100011D78 /* SampleFramework.modulemap */ = {isa = PBXFileReference; fileEncoding = 4; lastKnownFileType = "sourcecode.module-map"; path = SampleFramework.modulemap; sourceTree = "<group>"; };
		2B1D14A1368AB0913778CC0A /* Pods_SampleFramework.framework */ = {isa = PBXFileReference; explicitFileType = wrapper.framework; includeInIndex = 0; path = Pods_SampleFramework.framework; sourceTree = BUILT_PRODUCTS_DIR; };
		885CA62124759D8BB23173B1 /* Pods-SampleFramework.release.xcconfig */ = {isa = PBXFileReference; includeInIndex = 1; lastKnownFileType = text.xcconfig; name = "Pods-SampleFramework.release.xcconfig"; path = "../Pods/Target Support Files/Pods-SampleFramework/Pods-SampleFramework.release.xcconfig"; sourceTree = "<group>"; };
		BB97381F4699C8DD55C3D733 /* Pods-SampleFramework.debug.xcconfig */ = {isa = PBXFileReference; includeInIndex = 1; lastKnownFileType = text.xcconfig; name = "Pods-SampleFramework.debug.xcconfig"; path = "../Pods/Target Support Files/Pods-SampleFramework/Pods-SampleFramework.debug.xcconfig"; sourceTree = "<group>"; };
/* End PBXFileReference section */

/* Begin PBXFrameworksBuildPhase section */
		1360F3231DE35B7900011D78 /* Frameworks */ = {
			isa = PBXFrameworksBuildPhase;
			buildActionMask = 2147483647;
			files = (
				AC763B658CC604F22C71B51A /* Pods_SampleFramework.framework in Frameworks */,
			);
			runOnlyForDeploymentPostprocessing = 0;
		};
/* End PBXFrameworksBuildPhase section */

/* Begin PBXGroup section */
		1360F31D1DE35B7900011D78 = {
			isa = PBXGroup;
			children = (
				1360F3291DE35B7900011D78 /* SampleFramework */,
				1360F3281DE35B7900011D78 /* Products */,
				F723BDC175E0C27BCEBA5C6B /* Pods */,
				287ED820D0536091628841B7 /* Frameworks */,
			);
			sourceTree = "<group>";
		};
		1360F3281DE35B7900011D78 /* Products */ = {
			isa = PBXGroup;
			children = (
				1360F3271DE35B7900011D78 /* SampleFramework.framework */,
			);
			name = Products;
			sourceTree = "<group>";
		};
		1360F3291DE35B7900011D78 /* SampleFramework */ = {
			isa = PBXGroup;
			children = (
				1360F32A1DE35B7900011D78 /* SampleFramework.h */,
				1360F3321DE35BBF00011D78 /* Sample.h */,
				1360F3331DE35BBF00011D78 /* Sample.m */,
				1360F3581DE4967100011D78 /* SampleFramework.modulemap */,
				1360F32B1DE35B7900011D78 /* Info.plist */,
			);
			path = SampleFramework;
			sourceTree = "<group>";
		};
		287ED820D0536091628841B7 /* Frameworks */ = {
			isa = PBXGroup;
			children = (
				2B1D14A1368AB0913778CC0A /* Pods_SampleFramework.framework */,
			);
			name = Frameworks;
			sourceTree = "<group>";
		};
		F723BDC175E0C27BCEBA5C6B /* Pods */ = {
			isa = PBXGroup;
			children = (
				BB97381F4699C8DD55C3D733 /* Pods-SampleFramework.debug.xcconfig */,
				885CA62124759D8BB23173B1 /* Pods-SampleFramework.release.xcconfig */,
			);
			name = Pods;
			sourceTree = "<group>";
		};
/* End PBXGroup section */

/* Begin PBXHeadersBuildPhase section */
		1360F3241DE35B7900011D78 /* Headers */ = {
			isa = PBXHeadersBuildPhase;
			buildActionMask = 2147483647;
			files = (
				1360F3341DE35BBF00011D78 /* Sample.h in Headers */,
				1360F32C1DE35B7900011D78 /* SampleFramework.h in Headers */,
			);
			runOnlyForDeploymentPostprocessing = 0;
		};
/* End PBXHeadersBuildPhase section */

/* Begin PBXNativeTarget section */
		1360F3261DE35B7900011D78 /* SampleFramework */ = {
			isa = PBXNativeTarget;
			buildConfigurationList = 1360F32F1DE35B7900011D78 /* Build configuration list for PBXNativeTarget "SampleFramework" */;
			buildPhases = (
				649812DB41B6B97353FCDE04 /* [CP] Check Pods Manifest.lock */,
				1360F3221DE35B7900011D78 /* Sources */,
				1360F3231DE35B7900011D78 /* Frameworks */,
				1360F3241DE35B7900011D78 /* Headers */,
				1360F3251DE35B7900011D78 /* Resources */,
				6411CD1EDB592A31A6C75D3A /* [CP] Copy Pods Resources */,
			);
			buildRules = (
			);
			dependencies = (
			);
			name = SampleFramework;
			productName = SampleFramework;
			productReference = 1360F3271DE35B7900011D78 /* SampleFramework.framework */;
			productType = "com.apple.product-type.framework";
		};
/* End PBXNativeTarget section */

/* Begin PBXProject section */
		1360F31E1DE35B7900011D78 /* Project object */ = {
			isa = PBXProject;
			attributes = {
				LastUpgradeCheck = 0810;
				ORGANIZATIONNAME = benasher44;
				TargetAttributes = {
					1360F3261DE35B7900011D78 = {
						CreatedOnToolsVersion = 8.1;
						ProvisioningStyle = Automatic;
					};
				};
			};
			buildConfigurationList = 1360F3211DE35B7900011D78 /* Build configuration list for PBXProject "SampleFramework" */;
			compatibilityVersion = "Xcode 3.2";
			developmentRegion = English;
			hasScannedForEncodings = 0;
			knownRegions = (
				en,
			);
			mainGroup = 1360F31D1DE35B7900011D78;
			productRefGroup = 1360F3281DE35B7900011D78 /* Products */;
			projectDirPath = "";
			projectRoot = "";
			targets = (
				1360F3261DE35B7900011D78 /* SampleFramework */,
			);
		};
/* End PBXProject section */

/* Begin PBXResourcesBuildPhase section */
		1360F3251DE35B7900011D78 /* Resources */ = {
			isa = PBXResourcesBuildPhase;
			buildActionMask = 2147483647;
			files = (
			);
			runOnlyForDeploymentPostprocessing = 0;
		};
/* End PBXResourcesBuildPhase section */

/* Begin PBXShellScriptBuildPhase section */
		6411CD1EDB592A31A6C75D3A /* [CP] Copy Pods Resources */ = {
			isa = PBXShellScriptBuildPhase;
			buildActionMask = 2147483647;
			files = (
			);
			inputPaths = (
			);
			name = "[CP] Copy Pods Resources";
			outputPaths = (
			);
			runOnlyForDeploymentPostprocessing = 0;
			shellPath = /bin/sh;
			shellScript = "\"${SRCROOT}/../Pods/Target Support Files/Pods-SampleFramework/Pods-SampleFramework-resources.sh\"\n";
			showEnvVarsInLog = 0;
		};
		649812DB41B6B97353FCDE04 /* [CP] Check Pods Manifest.lock */ = {
			isa = PBXShellScriptBuildPhase;
			buildActionMask = 2147483647;
			files = (
			);
			inputPaths = (
			);
			name = "[CP] Check Pods Manifest.lock";
			outputPaths = (
			);
			runOnlyForDeploymentPostprocessing = 0;
			shellPath = /bin/sh;
			shellScript = "diff \"${PODS_ROOT}/../Podfile.lock\" \"${PODS_ROOT}/Manifest.lock\" > /dev/null\nif [ $? != 0 ] ; then\n    # print error to STDERR\n    echo \"error: The sandbox is not in sync with the Podfile.lock. Run 'pod install' or update your CocoaPods installation.\" >&2\n    exit 1\nfi\n";
			showEnvVarsInLog = 0;
		};
/* End PBXShellScriptBuildPhase section */

/* Begin PBXSourcesBuildPhase section */
		1360F3221DE35B7900011D78 /* Sources */ = {
			isa = PBXSourcesBuildPhase;
			buildActionMask = 2147483647;
			files = (
				1360F3351DE35BBF00011D78 /* Sample.m in Sources */,
			);
			runOnlyForDeploymentPostprocessing = 0;
		};
/* End PBXSourcesBuildPhase section */

/* Begin XCBuildConfiguration section */
		1360F32D1DE35B7900011D78 /* Debug */ = {
			isa = XCBuildConfiguration;
			buildSettings = {
				ALWAYS_SEARCH_USER_PATHS = NO;
				CLANG_ANALYZER_NONNULL = YES;
				CLANG_CXX_LANGUAGE_STANDARD = "gnu++0x";
				CLANG_CXX_LIBRARY = "libc++";
				CLANG_ENABLE_MODULES = YES;
				CLANG_ENABLE_OBJC_ARC = YES;
				CLANG_WARN_BOOL_CONVERSION = YES;
				CLANG_WARN_CONSTANT_CONVERSION = YES;
				CLANG_WARN_DIRECT_OBJC_ISA_USAGE = YES_ERROR;
				CLANG_WARN_DOCUMENTATION_COMMENTS = YES;
				CLANG_WARN_EMPTY_BODY = YES;
				CLANG_WARN_ENUM_CONVERSION = YES;
				CLANG_WARN_INFINITE_RECURSION = YES;
				CLANG_WARN_INT_CONVERSION = YES;
				CLANG_WARN_OBJC_ROOT_CLASS = YES_ERROR;
				CLANG_WARN_SUSPICIOUS_MOVE = YES;
				CLANG_WARN_SUSPICIOUS_MOVES = YES;
				CLANG_WARN_UNREACHABLE_CODE = YES;
				CLANG_WARN__DUPLICATE_METHOD_MATCH = YES;
				"CODE_SIGN_IDENTITY[sdk=iphoneos*]" = "iPhone Developer";
				COPY_PHASE_STRIP = NO;
				CURRENT_PROJECT_VERSION = 1;
				DEBUG_INFORMATION_FORMAT = dwarf;
				ENABLE_STRICT_OBJC_MSGSEND = YES;
				ENABLE_TESTABILITY = YES;
				GCC_C_LANGUAGE_STANDARD = gnu99;
				GCC_DYNAMIC_NO_PIC = NO;
				GCC_NO_COMMON_BLOCKS = YES;
				GCC_OPTIMIZATION_LEVEL = 0;
				GCC_PREPROCESSOR_DEFINITIONS = (
					"DEBUG=1",
					"$(inherited)",
				);
				GCC_WARN_64_TO_32_BIT_CONVERSION = YES;
				GCC_WARN_ABOUT_RETURN_TYPE = YES_ERROR;
				GCC_WARN_UNDECLARED_SELECTOR = YES;
				GCC_WARN_UNINITIALIZED_AUTOS = YES_AGGRESSIVE;
				GCC_WARN_UNUSED_FUNCTION = YES;
				GCC_WARN_UNUSED_VARIABLE = YES;
				IPHONEOS_DEPLOYMENT_TARGET = 10.1;
				MTL_ENABLE_DEBUG_INFO = YES;
				ONLY_ACTIVE_ARCH = YES;
				SDKROOT = iphoneos;
				TARGETED_DEVICE_FAMILY = "1,2";
				VERSIONING_SYSTEM = "apple-generic";
				VERSION_INFO_PREFIX = "";
			};
			name = Debug;
		};
		1360F32E1DE35B7900011D78 /* Release */ = {
			isa = XCBuildConfiguration;
			buildSettings = {
				ALWAYS_SEARCH_USER_PATHS = NO;
				CLANG_ANALYZER_NONNULL = YES;
				CLANG_CXX_LANGUAGE_STANDARD = "gnu++0x";
				CLANG_CXX_LIBRARY = "libc++";
				CLANG_ENABLE_MODULES = YES;
				CLANG_ENABLE_OBJC_ARC = YES;
				CLANG_WARN_BOOL_CONVERSION = YES;
				CLANG_WARN_CONSTANT_CONVERSION = YES;
				CLANG_WARN_DIRECT_OBJC_ISA_USAGE = YES_ERROR;
				CLANG_WARN_DOCUMENTATION_COMMENTS = YES;
				CLANG_WARN_EMPTY_BODY = YES;
				CLANG_WARN_ENUM_CONVERSION = YES;
				CLANG_WARN_INFINITE_RECURSION = YES;
				CLANG_WARN_INT_CONVERSION = YES;
				CLANG_WARN_OBJC_ROOT_CLASS = YES_ERROR;
				CLANG_WARN_SUSPICIOUS_MOVE = YES;
				CLANG_WARN_SUSPICIOUS_MOVES = YES;
				CLANG_WARN_UNREACHABLE_CODE = YES;
				CLANG_WARN__DUPLICATE_METHOD_MATCH = YES;
				"CODE_SIGN_IDENTITY[sdk=iphoneos*]" = "iPhone Developer";
				COPY_PHASE_STRIP = NO;
				CURRENT_PROJECT_VERSION = 1;
				DEBUG_INFORMATION_FORMAT = "dwarf-with-dsym";
				ENABLE_NS_ASSERTIONS = NO;
				ENABLE_STRICT_OBJC_MSGSEND = YES;
				GCC_C_LANGUAGE_STANDARD = gnu99;
				GCC_NO_COMMON_BLOCKS = YES;
				GCC_WARN_64_TO_32_BIT_CONVERSION = YES;
				GCC_WARN_ABOUT_RETURN_TYPE = YES_ERROR;
				GCC_WARN_UNDECLARED_SELECTOR = YES;
				GCC_WARN_UNINITIALIZED_AUTOS = YES_AGGRESSIVE;
				GCC_WARN_UNUSED_FUNCTION = YES;
				GCC_WARN_UNUSED_VARIABLE = YES;
				IPHONEOS_DEPLOYMENT_TARGET = 10.1;
				MTL_ENABLE_DEBUG_INFO = NO;
				SDKROOT = iphoneos;
				TARGETED_DEVICE_FAMILY = "1,2";
				VALIDATE_PRODUCT = YES;
				VERSIONING_SYSTEM = "apple-generic";
				VERSION_INFO_PREFIX = "";
			};
			name = Release;
		};
		1360F3301DE35B7900011D78 /* Debug */ = {
			isa = XCBuildConfiguration;
			baseConfigurationReference = BB97381F4699C8DD55C3D733 /* Pods-SampleFramework.debug.xcconfig */;
			buildSettings = {
				CODE_SIGN_IDENTITY = "";
				DEFINES_MODULE = YES;
				DYLIB_COMPATIBILITY_VERSION = 1;
				DYLIB_CURRENT_VERSION = 1;
				DYLIB_INSTALL_NAME_BASE = "@rpath";
				INFOPLIST_FILE = SampleFramework/Info.plist;
				INSTALL_PATH = "$(LOCAL_LIBRARY_DIR)/Frameworks";
				LD_RUNPATH_SEARCH_PATHS = "$(inherited) @executable_path/Frameworks @loader_path/Frameworks";
				MODULEMAP_FILE = "$(SRCROOT)/SampleFramework/SampleFramework.modulemap";
				PRODUCT_BUNDLE_IDENTIFIER = benasher44.SampleFramework;
				PRODUCT_NAME = "$(TARGET_NAME)";
				SKIP_INSTALL = YES;
			};
			name = Debug;
		};
		1360F3311DE35B7900011D78 /* Release */ = {
			isa = XCBuildConfiguration;
			baseConfigurationReference = 885CA62124759D8BB23173B1 /* Pods-SampleFramework.release.xcconfig */;
			buildSettings = {
				CODE_SIGN_IDENTITY = "";
				DEFINES_MODULE = YES;
				DYLIB_COMPATIBILITY_VERSION = 1;
				DYLIB_CURRENT_VERSION = 1;
				DYLIB_INSTALL_NAME_BASE = "@rpath";
				INFOPLIST_FILE = SampleFramework/Info.plist;
				INSTALL_PATH = "$(LOCAL_LIBRARY_DIR)/Frameworks";
				LD_RUNPATH_SEARCH_PATHS = "$(inherited) @executable_path/Frameworks @loader_path/Frameworks";
				MODULEMAP_FILE = "$(SRCROOT)/SampleFramework/SampleFramework.modulemap";
				PRODUCT_BUNDLE_IDENTIFIER = benasher44.SampleFramework;
				PRODUCT_NAME = "$(TARGET_NAME)";
				SKIP_INSTALL = YES;
			};
			name = Release;
		};
/* End XCBuildConfiguration section */

/* Begin XCConfigurationList section */
		1360F3211DE35B7900011D78 /* Build configuration list for PBXProject "SampleFramework" */ = {
			isa = XCConfigurationList;
			buildConfigurations = (
				1360F32D1DE35B7900011D78 /* Debug */,
				1360F32E1DE35B7900011D78 /* Release */,
			);
			defaultConfigurationIsVisible = 0;
			defaultConfigurationName = Release;
		};
		1360F32F1DE35B7900011D78 /* Build configuration list for PBXNativeTarget "SampleFramework" */ = {
			isa = XCConfigurationList;
			buildConfigurations = (
				1360F3301DE35B7900011D78 /* Debug */,
				1360F3311DE35B7900011D78 /* Release */,
			);
			defaultConfigurationIsVisible = 0;
			defaultConfigurationName = Release;
		};
/* End XCConfigurationList section */
	};
	rootObject = 1360F31E1DE35B7900011D78 /* Project object */;
}
